
Microsoft Visual Studio Solution File, Format Version 12.00
# Visual Studio 15
VisualStudioVersion = 15.0.27130.2020
MinimumVisualStudioVersion = 10.0.40219.1
Project("{FAE04EC0-301F-11D3-BF4B-00C04F79EFBC}") = "PENEXCErsize", "PENEXCErsize\PENEXCErsize.csproj", "{D90DC77C-6070-47FF-BC50-93BA932B9A55}"
EndProject
Global
	GlobalSection(SolutionConfigurationPlatforms) = preSolution
		Debug|Any CPU = Debug|Any CPU
		Release|Any CPU = Release|Any CPU
	EndGlobalSection
	GlobalSection(ProjectConfigurationPlatforms) = postSolution
		{D90DC77C-6070-47FF-BC50-93BA932B9A55}.Debug|Any CPU.ActiveCfg = Debug|Any CPU
		{D90DC77C-6070-47FF-BC50-93BA932B9A55}.Debug|Any CPU.Build.0 = Debug|Any CPU
		{D90DC77C-6070-47FF-BC50-93BA932B9A55}.Release|Any CPU.ActiveCfg = Release|Any CPU
		{D90DC77C-6070-47FF-BC50-93BA932B9A55}.Release|Any CPU.Build.0 = Release|Any CPU
	EndGlobalSection
	GlobalSection(SolutionProperties) = preSolution
		HideSolutionNode = FALSE
	EndGlobalSection
	GlobalSection(ExtensibilityGlobals) = postSolution
		SolutionGuid = {906A7F13-6ED3-47B3-AB3C-3E710B688F04}
	EndGlobalSection
EndGlobal
